
Microsoft Visual Studio Solution File, Format Version 12.00
# Visual Studio Version 16
VisualStudioVersion = 16.0.31729.503
MinimumVisualStudioVersion = 10.0.40219.1
Project("{9A19103F-16F7-4668-BE54-9A1E7A4F7556}") = "MoodAnalyzerProgram", "MoodAnalyzer\MoodAnalyzerProgram.csproj", "{F26A66F2-EE46-4B34-9078-53CAA48F9FE2}"
EndProject
Project("{FAE04EC0-301F-11D3-BF4B-00C04F79EFBC}") = "MoodAnalyzer-Test", "MoodAnalyzer-Test\MoodAnalyzer-Test.csproj", "{CBED2215-5A80-42C0-BFC6-F9A3419801B5}"
EndProject
Global
	GlobalSection(SolutionConfigurationPlatforms) = preSolution
		Debug|Any CPU = Debug|Any CPU
		Release|Any CPU = Release|Any CPU
	EndGlobalSection
	GlobalSection(ProjectConfigurationPlatforms) = postSolution
		{F26A66F2-EE46-4B34-9078-53CAA48F9FE2}.Debug|Any CPU.ActiveCfg = Debug|Any CPU
		{F26A66F2-EE46-4B34-9078-53CAA48F9FE2}.Debug|Any CPU.Build.0 = Debug|Any CPU
		{F26A66F2-EE46-4B34-9078-53CAA48F9FE2}.Release|Any CPU.ActiveCfg = Release|Any CPU
		{F26A66F2-EE46-4B34-9078-53CAA48F9FE2}.Release|Any CPU.Build.0 = Release|Any CPU
		{CBED2215-5A80-42C0-BFC6-F9A3419801B5}.Debug|Any CPU.ActiveCfg = Debug|Any CPU
		{CBED2215-5A80-42C0-BFC6-F9A3419801B5}.Debug|Any CPU.Build.0 = Debug|Any CPU
		{CBED2215-5A80-42C0-BFC6-F9A3419801B5}.Release|Any CPU.ActiveCfg = Release|Any CPU
		{CBED2215-5A80-42C0-BFC6-F9A3419801B5}.Release|Any CPU.Build.0 = Release|Any CPU
	EndGlobalSection
	GlobalSection(SolutionProperties) = preSolution
		HideSolutionNode = FALSE
	EndGlobalSection
	GlobalSection(ExtensibilityGlobals) = postSolution
		SolutionGuid = {E619EB6F-5702-4C7B-8B3D-35D4E822E849}
	EndGlobalSection
EndGlobal
